
Microsoft Visual Studio Solution File, Format Version 12.00
# Visual Studio Version 17
VisualStudioVersion = 17.11.35312.102
MinimumVisualStudioVersion = 10.0.40219.1
Project("{FAE04EC0-301F-11D3-BF4B-00C04F79EFBC}") = "Modulo4", "Modulo4\Modulo4.csproj", "{2AF2D629-0AF5-4077-B76B-F8BD7C00C59F}"
EndProject
Global
	GlobalSection(SolutionConfigurationPlatforms) = preSolution
		Debug|Any CPU = Debug|Any CPU
		Release|Any CPU = Release|Any CPU
	EndGlobalSection
	GlobalSection(ProjectConfigurationPlatforms) = postSolution
		{2AF2D629-0AF5-4077-B76B-F8BD7C00C59F}.Debug|Any CPU.ActiveCfg = Debug|Any CPU
		{2AF2D629-0AF5-4077-B76B-F8BD7C00C59F}.Debug|Any CPU.Build.0 = Debug|Any CPU
		{2AF2D629-0AF5-4077-B76B-F8BD7C00C59F}.Release|Any CPU.ActiveCfg = Release|Any CPU
		{2AF2D629-0AF5-4077-B76B-F8BD7C00C59F}.Release|Any CPU.Build.0 = Release|Any CPU
	EndGlobalSection
	GlobalSection(SolutionProperties) = preSolution
		HideSolutionNode = FALSE
	EndGlobalSection
	GlobalSection(ExtensibilityGlobals) = postSolution
		SolutionGuid = {CCC78D72-4D73-4131-8EA8-5388931AAC12}
	EndGlobalSection
EndGlobal
